// !$*UTF8*$!
{
	archiveVersion = 1;
	classes = {
	};
	objectVersion = 46;
	objects = {

/* Begin PBXBuildFile section */
		84285E591E61A062009B6469 /* AppDelegate.swift in Sources */ = {isa = PBXBuildFile; fileRef = 84285E581E61A062009B6469 /* AppDelegate.swift */; };
		84285E5B1E61A062009B6469 /* ViewController.swift in Sources */ = {isa = PBXBuildFile; fileRef = 84285E5A1E61A062009B6469 /* ViewController.swift */; };
		84285E5E1E61A062009B6469 /* Main.storyboard in Resources */ = {isa = PBXBuildFile; fileRef = 84285E5C1E61A062009B6469 /* Main.storyboard */; };
		84285E601E61A062009B6469 /* Assets.xcassets in Resources */ = {isa = PBXBuildFile; fileRef = 84285E5F1E61A062009B6469 /* Assets.xcassets */; };
		84285E631E61A062009B6469 /* LaunchScreen.storyboard in Resources */ = {isa = PBXBuildFile; fileRef = 84285E611E61A062009B6469 /* LaunchScreen.storyboard */; };
		84285E6E1E61A062009B6469 /* PiratTaxiTests.swift in Sources */ = {isa = PBXBuildFile; fileRef = 84285E6D1E61A062009B6469 /* PiratTaxiTests.swift */; };
		846CCB901E62531800B938A8 /* SettingsViewController.swift in Sources */ = {isa = PBXBuildFile; fileRef = 846CCB8F1E62531800B938A8 /* SettingsViewController.swift */; };
/* End PBXBuildFile section */

/* Begin PBXContainerItemProxy section */
		84285E6A1E61A062009B6469 /* PBXContainerItemProxy */ = {
			isa = PBXContainerItemProxy;
			containerPortal = 84285E4D1E61A062009B6469 /* Project object */;
			proxyType = 1;
			remoteGlobalIDString = 84285E541E61A062009B6469;
			remoteInfo = PiratTaxi;
		};
/* End PBXContainerItemProxy section */

/* Begin PBXFileReference section */
		84285E551E61A062009B6469 /* PiratTaxi.app */ = {isa = PBXFileReference; explicitFileType = wrapper.application; includeInIndex = 0; path = PiratTaxi.app; sourceTree = BUILT_PRODUCTS_DIR; };
		84285E581E61A062009B6469 /* AppDelegate.swift */ = {isa = PBXFileReference; lastKnownFileType = sourcecode.swift; path = AppDelegate.swift; sourceTree = "<group>"; };
		84285E5A1E61A062009B6469 /* ViewController.swift */ = {isa = PBXFileReference; lastKnownFileType = sourcecode.swift; path = ViewController.swift; sourceTree = "<group>"; };
		84285E5D1E61A062009B6469 /* Base */ = {isa = PBXFileReference; lastKnownFileType = file.storyboard; name = Base; path = Base.lproj/Main.storyboard; sourceTree = "<group>"; };
		84285E5F1E61A062009B6469 /* Assets.xcassets */ = {isa = PBXFileReference; lastKnownFileType = folder.assetcatalog; path = Assets.xcassets; sourceTree = "<group>"; };
		84285E621E61A062009B6469 /* Base */ = {isa = PBXFileReference; lastKnownFileType = file.storyboard; name = Base; path = Base.lproj/LaunchScreen.storyboard; sourceTree = "<group>"; };
		84285E641E61A062009B6469 /* Info.plist */ = {isa = PBXFileReference; lastKnownFileType = text.plist.xml; path = Info.plist; sourceTree = "<group>"; };
		84285E691E61A062009B6469 /* PiratTaxiTests.xctest */ = {isa = PBXFileReference; explicitFileType = wrapper.cfbundle; includeInIndex = 0; path = PiratTaxiTests.xctest; sourceTree = BUILT_PRODUCTS_DIR; };
		84285E6D1E61A062009B6469 /* PiratTaxiTests.swift */ = {isa = PBXFileReference; lastKnownFileType = sourcecode.swift; path = PiratTaxiTests.swift; sourceTree = "<group>"; };
		84285E6F1E61A062009B6469 /* Info.plist */ = {isa = PBXFileReference; lastKnownFileType = text.plist.xml; path = Info.plist; sourceTree = "<group>"; };
		846CCB8F1E62531800B938A8 /* SettingsViewController.swift */ = {isa = PBXFileReference; fileEncoding = 4; lastKnownFileType = sourcecode.swift; path = SettingsViewController.swift; sourceTree = "<group>"; };
/* End PBXFileReference section */

/* Begin PBXFrameworksBuildPhase section */
		84285E521E61A062009B6469 /* Frameworks */ = {
			isa = PBXFrameworksBuildPhase;
			buildActionMask = 2147483647;
			files = (
			);
			runOnlyForDeploymentPostprocessing = 0;
		};
		84285E661E61A062009B6469 /* Frameworks */ = {
			isa = PBXFrameworksBuildPhase;
			buildActionMask = 2147483647;
			files = (
			);
			runOnlyForDeploymentPostprocessing = 0;
		};
/* End PBXFrameworksBuildPhase section */

/* Begin PBXGroup section */
		84285E4C1E61A062009B6469 = {
			isa = PBXGroup;
			children = (
				84285E571E61A062009B6469 /* PiratTaxi */,
				84285E6C1E61A062009B6469 /* PiratTaxiTests */,
				84285E561E61A062009B6469 /* Products */,
			);
			sourceTree = "<group>";
		};
		84285E561E61A062009B6469 /* Products */ = {
			isa = PBXGroup;
			children = (
				84285E551E61A062009B6469 /* PiratTaxi.app */,
				84285E691E61A062009B6469 /* PiratTaxiTests.xctest */,
			);
			name = Products;
			sourceTree = "<group>";
		};
		84285E571E61A062009B6469 /* PiratTaxi */ = {
			isa = PBXGroup;
			children = (
				84285E581E61A062009B6469 /* AppDelegate.swift */,
				84285E5A1E61A062009B6469 /* ViewController.swift */,
				846CCB8F1E62531800B938A8 /* SettingsViewController.swift */,
				84285E5C1E61A062009B6469 /* Main.storyboard */,
				84285E5F1E61A062009B6469 /* Assets.xcassets */,
				84285E611E61A062009B6469 /* LaunchScreen.storyboard */,
				84285E641E61A062009B6469 /* Info.plist */,
			);
			path = PiratTaxi;
			sourceTree = "<group>";
		};
		84285E6C1E61A062009B6469 /* PiratTaxiTests */ = {
			isa = PBXGroup;
			children = (
				84285E6D1E61A062009B6469 /* PiratTaxiTests.swift */,
				84285E6F1E61A062009B6469 /* Info.plist */,
			);
			path = PiratTaxiTests;
			sourceTree = "<group>";
		};
/* End PBXGroup section */

/* Begin PBXNativeTarget section */
		84285E541E61A062009B6469 /* PiratTaxi */ = {
			isa = PBXNativeTarget;
			buildConfigurationList = 84285E721E61A062009B6469 /* Build configuration list for PBXNativeTarget "PiratTaxi" */;
			buildPhases = (
				84285E511E61A062009B6469 /* Sources */,
				84285E521E61A062009B6469 /* Frameworks */,
				84285E531E61A062009B6469 /* Resources */,
			);
			buildRules = (
			);
			dependencies = (
			);
			name = PiratTaxi;
			productName = PiratTaxi;
			productReference = 84285E551E61A062009B6469 /* PiratTaxi.app */;
			productType = "com.apple.product-type.application";
		};
		84285E681E61A062009B6469 /* PiratTaxiTests */ = {
			isa = PBXNativeTarget;
			buildConfigurationList = 84285E751E61A062009B6469 /* Build configuration list for PBXNativeTarget "PiratTaxiTests" */;
			buildPhases = (
				84285E651E61A062009B6469 /* Sources */,
				84285E661E61A062009B6469 /* Frameworks */,
				84285E671E61A062009B6469 /* Resources */,
			);
			buildRules = (
			);
			dependencies = (
				84285E6B1E61A062009B6469 /* PBXTargetDependency */,
			);
			name = PiratTaxiTests;
			productName = PiratTaxiTests;
			productReference = 84285E691E61A062009B6469 /* PiratTaxiTests.xctest */;
			productType = "com.apple.product-type.bundle.unit-test";
		};
/* End PBXNativeTarget section */

/* Begin PBXProject section */
		84285E4D1E61A062009B6469 /* Project object */ = {
			isa = PBXProject;
			attributes = {
				LastSwiftUpdateCheck = 0720;
				LastUpgradeCheck = 0820;
				ORGANIZATIONNAME = "Christensen Software";
				TargetAttributes = {
					84285E541E61A062009B6469 = {
						CreatedOnToolsVersion = 7.2;
						DevelopmentTeam = LQXCBD4SNB;
						LastSwiftMigration = 0820;
					};
					84285E681E61A062009B6469 = {
						CreatedOnToolsVersion = 7.2;
						DevelopmentTeam = LQXCBD4SNB;
						LastSwiftMigration = 0820;
						TestTargetID = 84285E541E61A062009B6469;
					};
				};
			};
			buildConfigurationList = 84285E501E61A062009B6469 /* Build configuration list for PBXProject "PiratTaxi" */;
			compatibilityVersion = "Xcode 3.2";
			developmentRegion = English;
			hasScannedForEncodings = 0;
			knownRegions = (
				en,
				Base,
			);
			mainGroup = 84285E4C1E61A062009B6469;
			productRefGroup = 84285E561E61A062009B6469 /* Products */;
			projectDirPath = "";
			projectRoot = "";
			targets = (
				84285E541E61A062009B6469 /* PiratTaxi */,
				84285E681E61A062009B6469 /* PiratTaxiTests */,
			);
		};
/* End PBXProject section */

/* Begin PBXResourcesBuildPhase section */
		84285E531E61A062009B6469 /* Resources */ = {
			isa = PBXResourcesBuildPhase;
			buildActionMask = 2147483647;
			files = (
				84285E631E61A062009B6469 /* LaunchScreen.storyboard in Resources */,
				84285E601E61A062009B6469 /* Assets.xcassets in Resources */,
				84285E5E1E61A062009B6469 /* Main.storyboard in Resources */,
			);
			runOnlyForDeploymentPostprocessing = 0;
		};
		84285E671E61A062009B6469 /* Resources */ = {
			isa = PBXResourcesBuildPhase;
			buildActionMask = 2147483647;
			files = (
			);
			runOnlyForDeploymentPostprocessing = 0;
		};
/* End PBXResourcesBuildPhase section */

/* Begin PBXSourcesBuildPhase section */
		84285E511E61A062009B6469 /* Sources */ = {
			isa = PBXSourcesBuildPhase;
			buildActionMask = 2147483647;
			files = (
				84285E5B1E61A062009B6469 /* ViewController.swift in Sources */,
				84285E591E61A062009B6469 /* AppDelegate.swift in Sources */,
				846CCB901E62531800B938A8 /* SettingsViewController.swift in Sources */,
			);
			runOnlyForDeploymentPostprocessing = 0;
		};
		84285E651E61A062009B6469 /* Sources */ = {
			isa = PBXSourcesBuildPhase;
			buildActionMask = 2147483647;
			files = (
				84285E6E1E61A062009B6469 /* PiratTaxiTests.swift in Sources */,
			);
			runOnlyForDeploymentPostprocessing = 0;
		};
/* End PBXSourcesBuildPhase section */

/* Begin PBXTargetDependency section */
		84285E6B1E61A062009B6469 /* PBXTargetDependency */ = {
			isa = PBXTargetDependency;
			target = 84285E541E61A062009B6469 /* PiratTaxi */;
			targetProxy = 84285E6A1E61A062009B6469 /* PBXContainerItemProxy */;
		};
/* End PBXTargetDependency section */

/* Begin PBXVariantGroup section */
		84285E5C1E61A062009B6469 /* Main.storyboard */ = {
			isa = PBXVariantGroup;
			children = (
				84285E5D1E61A062009B6469 /* Base */,
			);
			name = Main.storyboard;
			sourceTree = "<group>";
		};
		84285E611E61A062009B6469 /* LaunchScreen.storyboard */ = {
			isa = PBXVariantGroup;
			children = (
				84285E621E61A062009B6469 /* Base */,
			);
			name = LaunchScreen.storyboard;
			sourceTree = "<group>";
		};
/* End PBXVariantGroup section */

/* Begin XCBuildConfiguration section */
		84285E701E61A062009B6469 /* Debug */ = {
			isa = XCBuildConfiguration;
			buildSettings = {
				ALWAYS_SEARCH_USER_PATHS = NO;
				CLANG_CXX_LANGUAGE_STANDARD = "gnu++0x";
				CLANG_CXX_LIBRARY = "libc++";
				CLANG_ENABLE_MODULES = YES;
				CLANG_ENABLE_OBJC_ARC = YES;
				CLANG_WARN_BOOL_CONVERSION = YES;
				CLANG_WARN_CONSTANT_CONVERSION = YES;
				CLANG_WARN_DIRECT_OBJC_ISA_USAGE = YES_ERROR;
				CLANG_WARN_EMPTY_BODY = YES;
				CLANG_WARN_ENUM_CONVERSION = YES;
				CLANG_WARN_INFINITE_RECURSION = YES;
				CLANG_WARN_INT_CONVERSION = YES;
				CLANG_WARN_OBJC_ROOT_CLASS = YES_ERROR;
				CLANG_WARN_SUSPICIOUS_MOVE = YES;
				CLANG_WARN_UNREACHABLE_CODE = YES;
				CLANG_WARN__DUPLICATE_METHOD_MATCH = YES;
				"CODE_SIGN_IDENTITY[sdk=iphoneos*]" = "iPhone Developer";
				COPY_PHASE_STRIP = NO;
				DEBUG_INFORMATION_FORMAT = dwarf;
				ENABLE_STRICT_OBJC_MSGSEND = YES;
				ENABLE_TESTABILITY = YES;
				GCC_C_LANGUAGE_STANDARD = gnu99;
				GCC_DYNAMIC_NO_PIC = NO;
				GCC_NO_COMMON_BLOCKS = YES;
				GCC_OPTIMIZATION_LEVEL = 0;
				GCC_PREPROCESSOR_DEFINITIONS = (
					"DEBUG=1",
					"$(inherited)",
				);
				GCC_WARN_64_TO_32_BIT_CONVERSION = YES;
				GCC_WARN_ABOUT_RETURN_TYPE = YES_ERROR;
				GCC_WARN_UNDECLARED_SELECTOR = YES;
				GCC_WARN_UNINITIALIZED_AUTOS = YES_AGGRESSIVE;
				GCC_WARN_UNUSED_FUNCTION = YES;
				GCC_WARN_UNUSED_VARIABLE = YES;
				IPHONEOS_DEPLOYMENT_TARGET = 9.2;
				MTL_ENABLE_DEBUG_INFO = YES;
				ONLY_ACTIVE_ARCH = YES;
				SDKROOT = iphoneos;
				SWIFT_OPTIMIZATION_LEVEL = "-Onone";
			};
			name = Debug;
		};
		84285E711E61A062009B6469 /* Release */ = {
			isa = XCBuildConfiguration;
			buildSettings = {
				ALWAYS_SEARCH_USER_PATHS = NO;
				CLANG_CXX_LANGUAGE_STANDARD = "gnu++0x";
				CLANG_CXX_LIBRARY = "libc++";
				CLANG_ENABLE_MODULES = YES;
				CLANG_ENABLE_OBJC_ARC = YES;
				CLANG_WARN_BOOL_CONVERSION = YES;
				CLANG_WARN_CONSTANT_CONVERSION = YES;
				CLANG_WARN_DIRECT_OBJC_ISA_USAGE = YES_ERROR;
				CLANG_WARN_EMPTY_BODY = YES;
				CLANG_WARN_ENUM_CONVERSION = YES;
				CLANG_WARN_INFINITE_RECURSION = YES;
				CLANG_WARN_INT_CONVERSION = YES;
				CLANG_WARN_OBJC_ROOT_CLASS = YES_ERROR;
				CLANG_WARN_SUSPICIOUS_MOVE = YES;
				CLANG_WARN_UNREACHABLE_CODE = YES;
				CLANG_WARN__DUPLICATE_METHOD_MATCH = YES;
				"CODE_SIGN_IDENTITY[sdk=iphoneos*]" = "iPhone Developer";
				COPY_PHASE_STRIP = NO;
				DEBUG_INFORMATION_FORMAT = "dwarf-with-dsym";
				ENABLE_NS_ASSERTIONS = NO;
				ENABLE_STRICT_OBJC_MSGSEND = YES;
				GCC_C_LANGUAGE_STANDARD = gnu99;
				GCC_NO_COMMON_BLOCKS = YES;
				GCC_WARN_64_TO_32_BIT_CONVERSION = YES;
				GCC_WARN_ABOUT_RETURN_TYPE = YES_ERROR;
				GCC_WARN_UNDECLARED_SELECTOR = YES;
				GCC_WARN_UNINITIALIZED_AUTOS = YES_AGGRESSIVE;
				GCC_WARN_UNUSED_FUNCTION = YES;
				GCC_WARN_UNUSED_VARIABLE = YES;
				IPHONEOS_DEPLOYMENT_TARGET = 9.2;
				MTL_ENABLE_DEBUG_INFO = NO;
				SDKROOT = iphoneos;
				SWIFT_OPTIMIZATION_LEVEL = "-Owholemodule";
				VALIDATE_PRODUCT = YES;
			};
			name = Release;
		};
		84285E731E61A062009B6469 /* Debug */ = {
			isa = XCBuildConfiguration;
			buildSettings = {
				ASSETCATALOG_COMPILER_APPICON_NAME = AppIcon;
				INFOPLIST_FILE = PiratTaxi/Info.plist;
				LD_RUNPATH_SEARCH_PATHS = "$(inherited) @executable_path/Frameworks";
				PRODUCT_BUNDLE_IDENTIFIER = com.jcs.PiratTaxi;
				PRODUCT_NAME = "$(TARGET_NAME)";
				SWIFT_VERSION = 3.0;
			};
			name = Debug;
		};
		84285E741E61A062009B6469 /* Release */ = {
			isa = XCBuildConfiguration;
			buildSettings = {
				ASSETCATALOG_COMPILER_APPICON_NAME = AppIcon;
				INFOPLIST_FILE = PiratTaxi/Info.plist;
				LD_RUNPATH_SEARCH_PATHS = "$(inherited) @executable_path/Frameworks";
				PRODUCT_BUNDLE_IDENTIFIER = com.jcs.PiratTaxi;
				PRODUCT_NAME = "$(TARGET_NAME)";
				SWIFT_VERSION = 3.0;
			};
			name = Release;
		};
		84285E761E61A062009B6469 /* Debug */ = {
			isa = XCBuildConfiguration;
			buildSettings = {
				BUNDLE_LOADER = "$(TEST_HOST)";
				INFOPLIST_FILE = PiratTaxiTests/Info.plist;
				LD_RUNPATH_SEARCH_PATHS = "$(inherited) @executable_path/Frameworks @loader_path/Frameworks";
				PRODUCT_BUNDLE_IDENTIFIER = com.jcs.PiratTaxiTests;
				PRODUCT_NAME = "$(TARGET_NAME)";
				SWIFT_VERSION = 3.0;
				TEST_HOST = "$(BUILT_PRODUCTS_DIR)/PiratTaxi.app/PiratTaxi";
			};
			name = Debug;
		};
		84285E771E61A062009B6469 /* Release */ = {
			isa = XCBuildConfiguration;
			buildSettings = {
				BUNDLE_LOADER = "$(TEST_HOST)";
				INFOPLIST_FILE = PiratTaxiTests/Info.plist;
				LD_RUNPATH_SEARCH_PATHS = "$(inherited) @executable_path/Frameworks @loader_path/Frameworks";
				PRODUCT_BUNDLE_IDENTIFIER = com.jcs.PiratTaxiTests;
				PRODUCT_NAME = "$(TARGET_NAME)";
				SWIFT_VERSION = 3.0;
				TEST_HOST = "$(BUILT_PRODUCTS_DIR)/PiratTaxi.app/PiratTaxi";
			};
			name = Release;
		};
/* End XCBuildConfiguration section */

/* Begin XCConfigurationList section */
		84285E501E61A062009B6469 /* Build configuration list for PBXProject "PiratTaxi" */ = {
			isa = XCConfigurationList;
			buildConfigurations = (
				84285E701E61A062009B6469 /* Debug */,
				84285E711E61A062009B6469 /* Release */,
			);
			defaultConfigurationIsVisible = 0;
			defaultConfigurationName = Release;
		};
		84285E721E61A062009B6469 /* Build configuration list for PBXNativeTarget "PiratTaxi" */ = {
			isa = XCConfigurationList;
			buildConfigurations = (
				84285E731E61A062009B6469 /* Debug */,
				84285E741E61A062009B6469 /* Release */,
			);
			defaultConfigurationIsVisible = 0;
			defaultConfigurationName = Release;
		};
		84285E751E61A062009B6469 /* Build configuration list for PBXNativeTarget "PiratTaxiTests" */ = {
			isa = XCConfigurationList;
			buildConfigurations = (
				84285E761E61A062009B6469 /* Debug */,
				84285E771E61A062009B6469 /* Release */,
			);
			defaultConfigurationIsVisible = 0;
			defaultConfigurationName = Release;
		};
/* End XCConfigurationList section */
	};
	rootObject = 84285E4D1E61A062009B6469 /* Project object */;
}
